{
  "name": "charity-hackathon-for-homeless.ru",
  "lockfileVersion": 3,
  "requires": true,
  "packages": {
    "": {
      "dependencies": {
        "@fortawesome/fontawesome-svg-core": "^6.6.0",
        "swiper": "^11.1.14"
      }
    },
    "node_modules/@fortawesome/fontawesome-common-types": {
      "version": "6.6.0",
      "resolved": "https://registry.npmjs.org/@fortawesome/fontawesome-common-types/-/fontawesome-common-types-6.6.0.tgz",
      "integrity": "sha512-xyX0X9mc0kyz9plIyryrRbl7ngsA9jz77mCZJsUkLl+ZKs0KWObgaEBoSgQiYWAsSmjz/yjl0F++Got0Mdp4Rw==",
      "engines": {
        "node": ">=6"
      }
    },
    "node_modules/@fortawesome/fontawesome-svg-core": {
      "version": "6.6.0",
      "resolved": "https://registry.npmjs.org/@fortawesome/fontawesome-svg-core/-/fontawesome-svg-core-6.6.0.tgz",
      "integrity": "sha512-KHwPkCk6oRT4HADE7smhfsKudt9N/9lm6EJ5BVg0tD1yPA5hht837fB87F8pn15D8JfTqQOjhKTktwmLMiD7Kg==",
      "dependencies": {
        "@fortawesome/fontawesome-common-types": "6.6.0"
      },
      "engines": {
        "node": ">=6"
      }
    },
    "node_modules/swiper": {
      "version": "11.1.14",
      "resolved": "https://registry.npmjs.org/swiper/-/swiper-11.1.14.tgz",
      "integrity": "sha512-VbQLQXC04io6AoAjIUWuZwW4MSYozkcP9KjLdrsG/00Q/yiwvhz9RQyt0nHXV10hi9NVnDNy1/wv7Dzq1lkOCQ==",
      "funding": [
        {
          "type": "patreon",
          "url": "https://www.patreon.com/swiperjs"
        },
        {
          "type": "open_collective",
          "url": "http://opencollective.com/swiper"
        }
      ],
      "engines": {
        "node": ">= 4.7.0"
      }
    }
  }
}
